
Microsoft Visual Studio Solution File, Format Version 12.00
# Visual Studio Version 17
VisualStudioVersion = 17.11.35208.52
MinimumVisualStudioVersion = 10.0.40219.1
Project("{F184B08F-C81C-45F6-A57F-5ABD9991F28F}") = "AUTO CLICKER", "AUTO CLICKER\AUTO CLICKER.vbproj", "{86392CFF-D70F-44FC-B64B-D66AFBC0BF9D}"
EndProject
Global
	GlobalSection(SolutionConfigurationPlatforms) = preSolution
		Debug|Any CPU = Debug|Any CPU
		Release|Any CPU = Release|Any CPU
	EndGlobalSection
	GlobalSection(ProjectConfigurationPlatforms) = postSolution
		{86392CFF-D70F-44FC-B64B-D66AFBC0BF9D}.Debug|Any CPU.ActiveCfg = Debug|Any CPU
		{86392CFF-D70F-44FC-B64B-D66AFBC0BF9D}.Debug|Any CPU.Build.0 = Debug|Any CPU
		{86392CFF-D70F-44FC-B64B-D66AFBC0BF9D}.Release|Any CPU.ActiveCfg = Release|Any CPU
		{86392CFF-D70F-44FC-B64B-D66AFBC0BF9D}.Release|Any CPU.Build.0 = Release|Any CPU
	EndGlobalSection
	GlobalSection(SolutionProperties) = preSolution
		HideSolutionNode = FALSE
	EndGlobalSection
	GlobalSection(ExtensibilityGlobals) = postSolution
		SolutionGuid = {89465230-FA9D-4652-8583-8C50C11B32B5}
	EndGlobalSection
EndGlobal
